PODS:
  - BulletinBoard (2.0.1)
  - Crashlytics (3.10.3):
    - Fabric (~> 1.7.8)
  - Fabric (1.7.8)

DEPENDENCIES:
  - BulletinBoard
  - Crashlytics
  - Fabric

SPEC REPOS:
  https://github.com/cocoapods/specs.git:
    - BulletinBoard
    - Crashlytics
    - Fabric

SPEC CHECKSUMS:
  BulletinBoard: 99a428f91f64d0ffabf8a8104f79ecd064e2a4db
  Crashlytics: 2aea305161a2122492698c75af27f2b98aa49a25
  Fabric: fba4684a95df789565b0b27fc5b6e68f1755af32

PODFILE CHECKSUM: bd392c2a25472dca54b2129fe81d8a315d314de7

COCOAPODS: 1.5.3
